
Microsoft Visual Studio Solution File, Format Version 12.00
# Visual Studio Version 16
VisualStudioVersion = 16.0.810.17
MinimumVisualStudioVersion = 10.0.40219.1
Project("{FAE04EC0-301F-11D3-BF4B-00C04F79EFBC}") = "Mission7Final", "Mission7Final\Mission7Final.csproj", "{1C7EEE85-7F39-4FD1-AC51-9CFC70D881EA}"
EndProject
Global
	GlobalSection(SolutionConfigurationPlatforms) = preSolution
		Debug|Any CPU = Debug|Any CPU
		Release|Any CPU = Release|Any CPU
	EndGlobalSection
	GlobalSection(ProjectConfigurationPlatforms) = postSolution
		{1C7EEE85-7F39-4FD1-AC51-9CFC70D881EA}.Debug|Any CPU.ActiveCfg = Debug|Any CPU
		{1C7EEE85-7F39-4FD1-AC51-9CFC70D881EA}.Debug|Any CPU.Build.0 = Debug|Any CPU
		{1C7EEE85-7F39-4FD1-AC51-9CFC70D881EA}.Release|Any CPU.ActiveCfg = Release|Any CPU
		{1C7EEE85-7F39-4FD1-AC51-9CFC70D881EA}.Release|Any CPU.Build.0 = Release|Any CPU
	EndGlobalSection
	GlobalSection(SolutionProperties) = preSolution
		HideSolutionNode = FALSE
	EndGlobalSection
	GlobalSection(ExtensibilityGlobals) = postSolution
		SolutionGuid = {A72F1CE1-1718-4986-AA38-ABBAC0E3DA64}
	EndGlobalSection
EndGlobal
